
Microsoft Visual Studio Solution File, Format Version 12.00
# Visual Studio 15
VisualStudioVersion = 15.0.28010.2036
MinimumVisualStudioVersion = 10.0.40219.1
Project("{9A19103F-16F7-4668-BE54-9A1E7A4F7556}") = "02Exeptions", "02Exeptions\02Exeptions.csproj", "{A94312B8-4DB3-43E6-A834-1BAB64C7627C}"
EndProject
Project("{FAE04EC0-301F-11D3-BF4B-00C04F79EFBC}") = "03ExceptionDotNetFramework", "03ExceptionDotNetFramework\03ExceptionDotNetFramework.csproj", "{1578FDF9-5958-4841-8CCD-8289E88DFC37}"
EndProject
Project("{FAE04EC0-301F-11D3-BF4B-00C04F79EFBC}") = "04ExceptionPerformance", "04ExceptionPerformance\04ExceptionPerformance.csproj", "{3125BD43-BB2A-453C-AD31-47C61F6B7058}"
EndProject
Project("{FAE04EC0-301F-11D3-BF4B-00C04F79EFBC}") = "05ExpectionPerformanceDotNetFw", "05ExpectionPerformanceDotNetFw\05ExpectionPerformanceDotNetFw.csproj", "{94B1B2BC-C536-4ABC-B89F-8871138B1F13}"
EndProject
Project("{FAE04EC0-301F-11D3-BF4B-00C04F79EFBC}") = "06Log4Net", "06Log4Net\06Log4Net.csproj", "{AF4DEBCE-83B6-427D-915E-3EB18CE48123}"
EndProject
Global
	GlobalSection(SolutionConfigurationPlatforms) = preSolution
		Debug|Any CPU = Debug|Any CPU
		Release|Any CPU = Release|Any CPU
	EndGlobalSection
	GlobalSection(ProjectConfigurationPlatforms) = postSolution
		{A94312B8-4DB3-43E6-A834-1BAB64C7627C}.Debug|Any CPU.ActiveCfg = Debug|Any CPU
		{A94312B8-4DB3-43E6-A834-1BAB64C7627C}.Debug|Any CPU.Build.0 = Debug|Any CPU
		{A94312B8-4DB3-43E6-A834-1BAB64C7627C}.Release|Any CPU.ActiveCfg = Release|Any CPU
		{A94312B8-4DB3-43E6-A834-1BAB64C7627C}.Release|Any CPU.Build.0 = Release|Any CPU
		{1578FDF9-5958-4841-8CCD-8289E88DFC37}.Debug|Any CPU.ActiveCfg = Debug|Any CPU
		{1578FDF9-5958-4841-8CCD-8289E88DFC37}.Debug|Any CPU.Build.0 = Debug|Any CPU
		{1578FDF9-5958-4841-8CCD-8289E88DFC37}.Release|Any CPU.ActiveCfg = Release|Any CPU
		{1578FDF9-5958-4841-8CCD-8289E88DFC37}.Release|Any CPU.Build.0 = Release|Any CPU
		{3125BD43-BB2A-453C-AD31-47C61F6B7058}.Debug|Any CPU.ActiveCfg = Debug|Any CPU
		{3125BD43-BB2A-453C-AD31-47C61F6B7058}.Debug|Any CPU.Build.0 = Debug|Any CPU
		{3125BD43-BB2A-453C-AD31-47C61F6B7058}.Release|Any CPU.ActiveCfg = Release|Any CPU
		{3125BD43-BB2A-453C-AD31-47C61F6B7058}.Release|Any CPU.Build.0 = Release|Any CPU
		{94B1B2BC-C536-4ABC-B89F-8871138B1F13}.Debug|Any CPU.ActiveCfg = Debug|Any CPU
		{94B1B2BC-C536-4ABC-B89F-8871138B1F13}.Debug|Any CPU.Build.0 = Debug|Any CPU
		{94B1B2BC-C536-4ABC-B89F-8871138B1F13}.Release|Any CPU.ActiveCfg = Release|Any CPU
		{94B1B2BC-C536-4ABC-B89F-8871138B1F13}.Release|Any CPU.Build.0 = Release|Any CPU
		{AF4DEBCE-83B6-427D-915E-3EB18CE48123}.Debug|Any CPU.ActiveCfg = Debug|Any CPU
		{AF4DEBCE-83B6-427D-915E-3EB18CE48123}.Debug|Any CPU.Build.0 = Debug|Any CPU
		{AF4DEBCE-83B6-427D-915E-3EB18CE48123}.Release|Any CPU.ActiveCfg = Release|Any CPU
		{AF4DEBCE-83B6-427D-915E-3EB18CE48123}.Release|Any CPU.Build.0 = Release|Any CPU
	EndGlobalSection
	GlobalSection(SolutionProperties) = preSolution
		HideSolutionNode = FALSE
	EndGlobalSection
	GlobalSection(ExtensibilityGlobals) = postSolution
		SolutionGuid = {0692AD43-5A01-4FFC-904B-B5584D1A921E}
	EndGlobalSection
EndGlobal
