
Microsoft Visual Studio Solution File, Format Version 12.00
# Visual Studio 15
VisualStudioVersion = 15.0.28010.2036
MinimumVisualStudioVersion = 10.0.40219.1
Project("{FAE04EC0-301F-11D3-BF4B-00C04F79EFBC}") = "01IDisposable", "01IDisposable\01IDisposable.csproj", "{598FBF64-B960-4C3F-968F-E41871A7E3AD}"
EndProject
Global
	GlobalSection(SolutionConfigurationPlatforms) = preSolution
		Debug|Any CPU = Debug|Any CPU
		Release|Any CPU = Release|Any CPU
	EndGlobalSection
	GlobalSection(ProjectConfigurationPlatforms) = postSolution
		{598FBF64-B960-4C3F-968F-E41871A7E3AD}.Debug|Any CPU.ActiveCfg = Debug|Any CPU
		{598FBF64-B960-4C3F-968F-E41871A7E3AD}.Debug|Any CPU.Build.0 = Debug|Any CPU
		{598FBF64-B960-4C3F-968F-E41871A7E3AD}.Release|Any CPU.ActiveCfg = Release|Any CPU
		{598FBF64-B960-4C3F-968F-E41871A7E3AD}.Release|Any CPU.Build.0 = Release|Any CPU
	EndGlobalSection
	GlobalSection(SolutionProperties) = preSolution
		HideSolutionNode = FALSE
	EndGlobalSection
	GlobalSection(ExtensibilityGlobals) = postSolution
		SolutionGuid = {BFB1FD47-F82E-481D-AC00-EC84E69B4C90}
	EndGlobalSection
EndGlobal
