
Microsoft Visual Studio Solution File, Format Version 12.00
# Visual Studio 15
VisualStudioVersion = 15.0.28010.2036
MinimumVisualStudioVersion = 10.0.40219.1
Project("{FAE04EC0-301F-11D3-BF4B-00C04F79EFBC}") = "06Log4Net", "06Log4Net\06Log4Net.csproj", "{AF4DEBCE-83B6-427D-915E-3EB18CE48123}"
EndProject
Global
	GlobalSection(SolutionConfigurationPlatforms) = preSolution
		Debug|Any CPU = Debug|Any CPU
		Release|Any CPU = Release|Any CPU
	EndGlobalSection
	GlobalSection(ProjectConfigurationPlatforms) = postSolution
		{AF4DEBCE-83B6-427D-915E-3EB18CE48123}.Debug|Any CPU.ActiveCfg = Debug|Any CPU
		{AF4DEBCE-83B6-427D-915E-3EB18CE48123}.Debug|Any CPU.Build.0 = Debug|Any CPU
		{AF4DEBCE-83B6-427D-915E-3EB18CE48123}.Release|Any CPU.ActiveCfg = Release|Any CPU
		{AF4DEBCE-83B6-427D-915E-3EB18CE48123}.Release|Any CPU.Build.0 = Release|Any CPU
	EndGlobalSection
	GlobalSection(SolutionProperties) = preSolution
		HideSolutionNode = FALSE
	EndGlobalSection
	GlobalSection(ExtensibilityGlobals) = postSolution
		SolutionGuid = {0692AD43-5A01-4FFC-904B-B5584D1A921E}
	EndGlobalSection
EndGlobal
