
Microsoft Visual Studio Solution File, Format Version 12.00
# Visual Studio 15
VisualStudioVersion = 15.0.28010.2036
MinimumVisualStudioVersion = 10.0.40219.1
Project("{9A19103F-16F7-4668-BE54-9A1E7A4F7556}") = "01ValtozokCore", "..\01ValtozokCore\01ValtozokCore.csproj", "{774527A7-05A5-4EAB-9B24-0E425ABA77E6}"
EndProject
Project("{FAE04EC0-301F-11D3-BF4B-00C04F79EFBC}") = "02SikidomokTerulete", "..\02SikidomokTerulete\02SikidomokTerulete.csproj", "{F10AC6BE-D29B-44FA-A477-B4ECBAB9D236}"
EndProject
Global
	GlobalSection(SolutionConfigurationPlatforms) = preSolution
		Debug|Any CPU = Debug|Any CPU
		Release|Any CPU = Release|Any CPU
	EndGlobalSection
	GlobalSection(ProjectConfigurationPlatforms) = postSolution
		{774527A7-05A5-4EAB-9B24-0E425ABA77E6}.Debug|Any CPU.ActiveCfg = Debug|Any CPU
		{774527A7-05A5-4EAB-9B24-0E425ABA77E6}.Debug|Any CPU.Build.0 = Debug|Any CPU
		{774527A7-05A5-4EAB-9B24-0E425ABA77E6}.Release|Any CPU.ActiveCfg = Release|Any CPU
		{774527A7-05A5-4EAB-9B24-0E425ABA77E6}.Release|Any CPU.Build.0 = Release|Any CPU
		{F10AC6BE-D29B-44FA-A477-B4ECBAB9D236}.Debug|Any CPU.ActiveCfg = Debug|Any CPU
		{F10AC6BE-D29B-44FA-A477-B4ECBAB9D236}.Debug|Any CPU.Build.0 = Debug|Any CPU
		{F10AC6BE-D29B-44FA-A477-B4ECBAB9D236}.Release|Any CPU.ActiveCfg = Release|Any CPU
		{F10AC6BE-D29B-44FA-A477-B4ECBAB9D236}.Release|Any CPU.Build.0 = Release|Any CPU
	EndGlobalSection
	GlobalSection(SolutionProperties) = preSolution
		HideSolutionNode = FALSE
	EndGlobalSection
	GlobalSection(ExtensibilityGlobals) = postSolution
		SolutionGuid = {E618458A-1BC2-46D9-BC3E-4840556F8843}
	EndGlobalSection
EndGlobal
