
Microsoft Visual Studio Solution File, Format Version 12.00
# Visual Studio 15
VisualStudioVersion = 15.0.28010.2036
MinimumVisualStudioVersion = 10.0.40219.1
Project("{9A19103F-16F7-4668-BE54-9A1E7A4F7556}") = "01ValtozokCore", "01ValtozokCore\01ValtozokCore.csproj", "{1F3FBC4F-AB83-437C-A8D9-59B7D056119D}"
EndProject
Project("{9A19103F-16F7-4668-BE54-9A1E7A4F7556}") = "02SikidomokTerulete", "02SikidomokTerulete\02SikidomokTerulete.csproj", "{7AF290E8-35FA-4A86-82BC-990A40CC60FA}"
EndProject
Project("{FAE04EC0-301F-11D3-BF4B-00C04F79EFBC}") = "02Ermehamisitas", "02Ermehamisitas\02Ermehamisitas.csproj", "{C768A57D-07A0-41A9-961B-90DDA9A3B819}"
EndProject
Global
	GlobalSection(SolutionConfigurationPlatforms) = preSolution
		Debug|Any CPU = Debug|Any CPU
		Release|Any CPU = Release|Any CPU
	EndGlobalSection
	GlobalSection(ProjectConfigurationPlatforms) = postSolution
		{1F3FBC4F-AB83-437C-A8D9-59B7D056119D}.Debug|Any CPU.ActiveCfg = Debug|Any CPU
		{1F3FBC4F-AB83-437C-A8D9-59B7D056119D}.Debug|Any CPU.Build.0 = Debug|Any CPU
		{1F3FBC4F-AB83-437C-A8D9-59B7D056119D}.Release|Any CPU.ActiveCfg = Release|Any CPU
		{1F3FBC4F-AB83-437C-A8D9-59B7D056119D}.Release|Any CPU.Build.0 = Release|Any CPU
		{7AF290E8-35FA-4A86-82BC-990A40CC60FA}.Debug|Any CPU.ActiveCfg = Debug|Any CPU
		{7AF290E8-35FA-4A86-82BC-990A40CC60FA}.Debug|Any CPU.Build.0 = Debug|Any CPU
		{7AF290E8-35FA-4A86-82BC-990A40CC60FA}.Release|Any CPU.ActiveCfg = Release|Any CPU
		{7AF290E8-35FA-4A86-82BC-990A40CC60FA}.Release|Any CPU.Build.0 = Release|Any CPU
		{C768A57D-07A0-41A9-961B-90DDA9A3B819}.Debug|Any CPU.ActiveCfg = Debug|Any CPU
		{C768A57D-07A0-41A9-961B-90DDA9A3B819}.Debug|Any CPU.Build.0 = Debug|Any CPU
		{C768A57D-07A0-41A9-961B-90DDA9A3B819}.Release|Any CPU.ActiveCfg = Release|Any CPU
		{C768A57D-07A0-41A9-961B-90DDA9A3B819}.Release|Any CPU.Build.0 = Release|Any CPU
	EndGlobalSection
	GlobalSection(SolutionProperties) = preSolution
		HideSolutionNode = FALSE
	EndGlobalSection
	GlobalSection(ExtensibilityGlobals) = postSolution
		SolutionGuid = {DD534479-391D-4CD1-AC51-E73DFF512368}
	EndGlobalSection
EndGlobal
